
Microsoft Visual Studio Solution File, Format Version 12.00
# Visual Studio Version 17
VisualStudioVersion = 17.0.31912.275
MinimumVisualStudioVersion = 10.0.40219.1
Project("{2150E333-8FDC-42A3-9474-1A3956D46DE8}") = "src", "src", "{0833076C-2F82-4711-A1D4-8B81F1A7C21A}"
EndProject
Project("{FAE04EC0-301F-11D3-BF4B-00C04F79EFBC}") = "TheCarHub", "src\TheCarHub\TheCarHub.csproj", "{FEF649E7-65FE-4D8F-A8F0-12A784BB4D7E}"
EndProject
Project("{FAE04EC0-301F-11D3-BF4B-00C04F79EFBC}") = "TheCarHub.Core", "src\TheCarHub.Core\TheCarHub.Core.csproj", "{9F793FC0-269F-4D1B-B7E1-D34BDEF2EE7A}"
EndProject
Global
	GlobalSection(SolutionConfigurationPlatforms) = preSolution
		Debug|Any CPU = Debug|Any CPU
		Release|Any CPU = Release|Any CPU
	EndGlobalSection
	GlobalSection(ProjectConfigurationPlatforms) = postSolution
		{FEF649E7-65FE-4D8F-A8F0-12A784BB4D7E}.Debug|Any CPU.ActiveCfg = Debug|Any CPU
		{FEF649E7-65FE-4D8F-A8F0-12A784BB4D7E}.Debug|Any CPU.Build.0 = Debug|Any CPU
		{FEF649E7-65FE-4D8F-A8F0-12A784BB4D7E}.Release|Any CPU.ActiveCfg = Release|Any CPU
		{FEF649E7-65FE-4D8F-A8F0-12A784BB4D7E}.Release|Any CPU.Build.0 = Release|Any CPU
		{9F793FC0-269F-4D1B-B7E1-D34BDEF2EE7A}.Debug|Any CPU.ActiveCfg = Debug|Any CPU
		{9F793FC0-269F-4D1B-B7E1-D34BDEF2EE7A}.Debug|Any CPU.Build.0 = Debug|Any CPU
		{9F793FC0-269F-4D1B-B7E1-D34BDEF2EE7A}.Release|Any CPU.ActiveCfg = Release|Any CPU
		{9F793FC0-269F-4D1B-B7E1-D34BDEF2EE7A}.Release|Any CPU.Build.0 = Release|Any CPU
	EndGlobalSection
	GlobalSection(SolutionProperties) = preSolution
		HideSolutionNode = FALSE
	EndGlobalSection
	GlobalSection(NestedProjects) = preSolution
		{FEF649E7-65FE-4D8F-A8F0-12A784BB4D7E} = {0833076C-2F82-4711-A1D4-8B81F1A7C21A}
		{9F793FC0-269F-4D1B-B7E1-D34BDEF2EE7A} = {0833076C-2F82-4711-A1D4-8B81F1A7C21A}
	EndGlobalSection
	GlobalSection(ExtensibilityGlobals) = postSolution
		SolutionGuid = {59091FDB-0087-434C-A44D-75247404566F}
	EndGlobalSection
EndGlobal
